
Microsoft Visual Studio Solution File, Format Version 12.00
# Visual Studio Version 17
VisualStudioVersion = 17.14.36915.13
MinimumVisualStudioVersion = 10.0.40219.1
Project("{FAE04EC0-301F-11D3-BF4B-00C04F79EFBC}") = "GLMS_ST10157545", "GLMS_ST10157545.csproj", "{89ED0D9B-056F-4C63-BB41-CD040BA08CFA}"
EndProject
Project("{FAE04EC0-301F-11D3-BF4B-00C04F79EFBC}") = "GLMS_ST10157545.test", "..\GLMS_ST10157545.test\GLMS_ST10157545.test.csproj", "{056869AB-EEAB-4E08-ABBF-0AA2C7FA226B}"
EndProject
Global
	GlobalSection(SolutionConfigurationPlatforms) = preSolution
		Debug|Any CPU = Debug|Any CPU
		Release|Any CPU = Release|Any CPU
	EndGlobalSection
	GlobalSection(ProjectConfigurationPlatforms) = postSolution
		{89ED0D9B-056F-4C63-BB41-CD040BA08CFA}.Debug|Any CPU.ActiveCfg = Debug|Any CPU
		{89ED0D9B-056F-4C63-BB41-CD040BA08CFA}.Debug|Any CPU.Build.0 = Debug|Any CPU
		{89ED0D9B-056F-4C63-BB41-CD040BA08CFA}.Release|Any CPU.ActiveCfg = Release|Any CPU
		{89ED0D9B-056F-4C63-BB41-CD040BA08CFA}.Release|Any CPU.Build.0 = Release|Any CPU
		{056869AB-EEAB-4E08-ABBF-0AA2C7FA226B}.Debug|Any CPU.ActiveCfg = Debug|Any CPU
		{056869AB-EEAB-4E08-ABBF-0AA2C7FA226B}.Debug|Any CPU.Build.0 = Debug|Any CPU
		{056869AB-EEAB-4E08-ABBF-0AA2C7FA226B}.Release|Any CPU.ActiveCfg = Release|Any CPU
		{056869AB-EEAB-4E08-ABBF-0AA2C7FA226B}.Release|Any CPU.Build.0 = Release|Any CPU
	EndGlobalSection
	GlobalSection(SolutionProperties) = preSolution
		HideSolutionNode = FALSE
	EndGlobalSection
	GlobalSection(ExtensibilityGlobals) = postSolution
		SolutionGuid = {9B44F7D3-6946-49D0-BE17-5E140293B408}
	EndGlobalSection
EndGlobal
